
Microsoft Visual Studio Solution File, Format Version 12.00
# Visual Studio 15
VisualStudioVersion = 15.0.27130.2027
MinimumVisualStudioVersion = 10.0.40219.1
Project("{FAE04EC0-301F-11D3-BF4B-00C04F79EFBC}") = "FormsApp", "FormsApp\FormsApp.csproj", "{05BFAA40-C412-4D68-A007-2224F5C9DFBD}"
EndProject
Global
	GlobalSection(SolutionConfigurationPlatforms) = preSolution
		Debug|Any CPU = Debug|Any CPU
		Release|Any CPU = Release|Any CPU
	EndGlobalSection
	GlobalSection(ProjectConfigurationPlatforms) = postSolution
		{05BFAA40-C412-4D68-A007-2224F5C9DFBD}.Debug|Any CPU.ActiveCfg = Debug|Any CPU
		{05BFAA40-C412-4D68-A007-2224F5C9DFBD}.Debug|Any CPU.Build.0 = Debug|Any CPU
		{05BFAA40-C412-4D68-A007-2224F5C9DFBD}.Release|Any CPU.ActiveCfg = Release|Any CPU
		{05BFAA40-C412-4D68-A007-2224F5C9DFBD}.Release|Any CPU.Build.0 = Release|Any CPU
	EndGlobalSection
	GlobalSection(SolutionProperties) = preSolution
		HideSolutionNode = FALSE
	EndGlobalSection
	GlobalSection(ExtensibilityGlobals) = postSolution
		SolutionGuid = {11112CFE-BC29-485C-88F9-61AC638BE1E3}
	EndGlobalSection
EndGlobal
