
Microsoft Visual Studio Solution File, Format Version 12.00
# Visual Studio Version 16
VisualStudioVersion = 16.0.29806.167
MinimumVisualStudioVersion = 10.0.40219.1
Project("{FAE04EC0-301F-11D3-BF4B-00C04F79EFBC}") = "Ex4", "Ex4\Ex4.csproj", "{DBFA4DC8-71FE-45EA-8B55-828B41FE0BA2}"
EndProject
Global
	GlobalSection(SolutionConfigurationPlatforms) = preSolution
		Debug|Any CPU = Debug|Any CPU
		Release|Any CPU = Release|Any CPU
	EndGlobalSection
	GlobalSection(ProjectConfigurationPlatforms) = postSolution
		{DBFA4DC8-71FE-45EA-8B55-828B41FE0BA2}.Debug|Any CPU.ActiveCfg = Debug|Any CPU
		{DBFA4DC8-71FE-45EA-8B55-828B41FE0BA2}.Debug|Any CPU.Build.0 = Debug|Any CPU
		{DBFA4DC8-71FE-45EA-8B55-828B41FE0BA2}.Release|Any CPU.ActiveCfg = Release|Any CPU
		{DBFA4DC8-71FE-45EA-8B55-828B41FE0BA2}.Release|Any CPU.Build.0 = Release|Any CPU
	EndGlobalSection
	GlobalSection(SolutionProperties) = preSolution
		HideSolutionNode = FALSE
	EndGlobalSection
	GlobalSection(ExtensibilityGlobals) = postSolution
		SolutionGuid = {3FF4F3D8-EBED-4381-B2EC-B58D4602A9EA}
	EndGlobalSection
EndGlobal
