
Microsoft Visual Studio Solution File, Format Version 12.00
# Visual Studio Version 16
VisualStudioVersion = 16.0.29806.167
MinimumVisualStudioVersion = 10.0.40219.1
Project("{FAE04EC0-301F-11D3-BF4B-00C04F79EFBC}") = "Ex4", "Ex4\Ex4.csproj", "{C8EA4404-2AFB-41FC-A520-5D6CCB422D2D}"
EndProject
Global
	GlobalSection(SolutionConfigurationPlatforms) = preSolution
		Debug|Any CPU = Debug|Any CPU
		Release|Any CPU = Release|Any CPU
	EndGlobalSection
	GlobalSection(ProjectConfigurationPlatforms) = postSolution
		{C8EA4404-2AFB-41FC-A520-5D6CCB422D2D}.Debug|Any CPU.ActiveCfg = Debug|Any CPU
		{C8EA4404-2AFB-41FC-A520-5D6CCB422D2D}.Debug|Any CPU.Build.0 = Debug|Any CPU
		{C8EA4404-2AFB-41FC-A520-5D6CCB422D2D}.Release|Any CPU.ActiveCfg = Release|Any CPU
		{C8EA4404-2AFB-41FC-A520-5D6CCB422D2D}.Release|Any CPU.Build.0 = Release|Any CPU
	EndGlobalSection
	GlobalSection(SolutionProperties) = preSolution
		HideSolutionNode = FALSE
	EndGlobalSection
	GlobalSection(ExtensibilityGlobals) = postSolution
		SolutionGuid = {2DB125E3-FD4E-4019-A0B6-AAA6C8FAB966}
	EndGlobalSection
EndGlobal
